
Microsoft Visual Studio Solution File, Format Version 12.00
# Visual Studio Version 17
VisualStudioVersion = 17.8.34511.84
MinimumVisualStudioVersion = 10.0.40219.1
Project("{FAE04EC0-301F-11D3-BF4B-00C04F79EFBC}") = "zapocet", "zapocet.csproj", "{000FAB0E-57E7-4CAF-8033-2DC6222BD9B9}"
EndProject
Global
	GlobalSection(SolutionConfigurationPlatforms) = preSolution
		Debug|Any CPU = Debug|Any CPU
		Release|Any CPU = Release|Any CPU
	EndGlobalSection
	GlobalSection(ProjectConfigurationPlatforms) = postSolution
		{000FAB0E-57E7-4CAF-8033-2DC6222BD9B9}.Debug|Any CPU.ActiveCfg = Debug|Any CPU
		{000FAB0E-57E7-4CAF-8033-2DC6222BD9B9}.Debug|Any CPU.Build.0 = Debug|Any CPU
		{000FAB0E-57E7-4CAF-8033-2DC6222BD9B9}.Release|Any CPU.ActiveCfg = Release|Any CPU
		{000FAB0E-57E7-4CAF-8033-2DC6222BD9B9}.Release|Any CPU.Build.0 = Release|Any CPU
	EndGlobalSection
	GlobalSection(SolutionProperties) = preSolution
		HideSolutionNode = FALSE
	EndGlobalSection
	GlobalSection(ExtensibilityGlobals) = postSolution
		SolutionGuid = {E1C806EB-91ED-42BE-9F03-6B1F20E2CB77}
	EndGlobalSection
EndGlobal
