
Microsoft Visual Studio Solution File, Format Version 12.00
# Visual Studio Version 17
VisualStudioVersion = 17.7.34202.233
MinimumVisualStudioVersion = 10.0.40219.1
Project("{FAE04EC0-301F-11D3-BF4B-00C04F79EFBC}") = "nezarka", "nezarka.csproj", "{AF977320-A49D-4F16-B9EA-38BE09FC9715}"
EndProject
Global
	GlobalSection(SolutionConfigurationPlatforms) = preSolution
		Debug|Any CPU = Debug|Any CPU
		Release|Any CPU = Release|Any CPU
	EndGlobalSection
	GlobalSection(ProjectConfigurationPlatforms) = postSolution
		{AF977320-A49D-4F16-B9EA-38BE09FC9715}.Debug|Any CPU.ActiveCfg = Debug|Any CPU
		{AF977320-A49D-4F16-B9EA-38BE09FC9715}.Debug|Any CPU.Build.0 = Debug|Any CPU
		{AF977320-A49D-4F16-B9EA-38BE09FC9715}.Release|Any CPU.ActiveCfg = Release|Any CPU
		{AF977320-A49D-4F16-B9EA-38BE09FC9715}.Release|Any CPU.Build.0 = Release|Any CPU
	EndGlobalSection
	GlobalSection(SolutionProperties) = preSolution
		HideSolutionNode = FALSE
	EndGlobalSection
	GlobalSection(ExtensibilityGlobals) = postSolution
		SolutionGuid = {8DD4B3E4-87F7-4782-9531-9D53370EB41A}
	EndGlobalSection
EndGlobal
